<?xml version="1.0" encoding="UTF-8" standalone="yes" ?>
<CodeBlocks_project_file>
	<FileVersion major="1" minor="6" />
	<Project>
		<Option title="ransom" />
		<Option pch_mode="2" />
		<Option compiler="gcc" />
		<Build>
			<Target title="Debug">
				<Option output="bin/Debug/ransom" prefix_auto="1" extension_auto="1" />
				<Option object_output="obj/Debug/" />
				<Option type="1" />
				<Option compiler="gcc" />
				<Compiler>
					<Add option="-w" />
					<Add option="-Wall" />
					<Add option="-g" />
				</Compiler>
			</Target>
			<Target title="Release">
				<Option output="bin/Release/ransom" prefix_auto="1" extension_auto="1" />
				<Option object_output="obj/Release/" />
				<Option type="1" />
				<Option compiler="gcc" />
				<Compiler>
					<Add option="-O2" />
					<Add option="-j4" />
				</Compiler>
				<Linker>
					<Add option="-s" />
				</Linker>
			</Target>
		</Build>
		<Compiler>
			<Add option="-Wall" />
			<Add option="-Wall -g -D_DEBUG" />
			<Add option="-pthread" />
			<Add option="-I/usr/local/include/OgreBullet/Collisions" />
			<Add option="-I/usr/local/include/OgreBullet/Dynamics" />
			<Add option="-I/usr/local/include/bullet" />
			<Add option="-I/usr/local/include/OGRE" />
			<Add option="-I/usr/include/SDL" />
			<Add option="-I/usr/include/ois" />
			<Add option="-I./include" />
			<Add directory="/home/matisnow/cedv-grupo4/final/include" />
			<Add directory="/usr/local/include/OGRE" />
			<Add directory="/usr/include/boost" />
			<Add directory="/usr/local/include" />
			<Add directory="/usr/local/include/bullet" />
			<Add directory="/usr/local/include/OgreBullet" />
		</Compiler>
		<Linker>
			<Add library="/usr/local/lib/libOgreMain.so" />
			<Add library="/usr/lib/x86_64-linux-gnu/libpthread.so" />
			<Add library="/usr/lib/x86_64-linux-gnu/libOIS.so" />
			<Add library="/usr/local/lib/libOgreBulletCol.so" />
			<Add library="/usr/local/lib/libOgreBulletDyn.so" />
			<Add library="/usr/local/lib/libBulletCollision.so" />
			<Add library="/usr/local/lib/libBulletDynamics.so" />
			<Add library="/usr/local/lib/libBulletSoftBody.so" />
			<Add library="/usr/local/lib/libLinearMath.so" />
			<Add library="/usr/lib/x86_64-linux-gnu/libGL.so" />
			<Add library="/usr/local/lib/libOgreTerrain.so" />
			<Add library="/usr/lib/x86_64-linux-gnu/libSDL.so" />
			<Add library="/usr/lib/x86_64-linux-gnu/libSDL_mixer.so" />
			<Add library="/usr/lib/gcc/x86_64-linux-gnu/4.7/libstdc++.so" />
			<Add library="/usr/local/lib/libConvexDecomposition.so" />
			<Add directory="/usr/local/lib" />
		</Linker>
		<Unit filename="include/AdvancedOgreFramework.hpp" />
		<Unit filename="include/AnimationBlender.h" />
		<Unit filename="include/AppState.hpp" />
		<Unit filename="include/AppStateManager.hpp" />
		<Unit filename="include/DotSceneLoader.hpp" />
		<Unit filename="include/GameConfig.h" />
		<Unit filename="include/GameConfigException.hpp" />
		<Unit filename="include/GameState.hpp" />
		<Unit filename="include/MenuState.hpp" />
		<Unit filename="include/PauseState.hpp" />
		<Unit filename="include/RansomApp.hpp" />
		<Unit filename="include/Records.h" />
		<Unit filename="include/SoundFX.h" />
		<Unit filename="include/SoundFXManager.h" />
		<Unit filename="include/Track.h" />
		<Unit filename="include/TrackManager.h" />
		<Unit filename="include/Utilities.h" />
		<Unit filename="include/XMLCharger.h" />
		<Unit filename="include/rapidxml.hpp" />
		<Unit filename="media/materials/scripts/info.overlay" />
		<Unit filename="media/materials/scripts/panel.material" />
		<Unit filename="media/materials/scripts/pointer.material" />
		<Unit filename="media/materials/scripts/ransom.material" />
		<Unit filename="media/materials/scripts/ransom.overlay" />
		<Unit filename="ogre.cfg" />
		<Unit filename="src/AdvancedOgreFramework.cpp" />
		<Unit filename="src/AnimationBlender.cpp" />
		<Unit filename="src/AppStateManager.cpp" />
		<Unit filename="src/DotSceneLoader.cpp" />
		<Unit filename="src/GameConfig.cpp" />
		<Unit filename="src/GameConfigException.cpp" />
		<Unit filename="src/GameState.cpp" />
		<Unit filename="src/MenuState.cpp" />
		<Unit filename="src/PauseState.cpp" />
		<Unit filename="src/RansomApp.cpp" />
		<Unit filename="src/Records.cpp" />
		<Unit filename="src/SoundFX.cpp" />
		<Unit filename="src/SoundFXManager.cpp" />
		<Unit filename="src/Track.cpp" />
		<Unit filename="src/TrackManager.cpp" />
		<Unit filename="src/Utilities.cpp" />
		<Unit filename="src/XMLCharger.cpp" />
		<Unit filename="src/main.cpp" />
		<Extensions>
			<code_completion />
			<debugger />
			<envvars />
		</Extensions>
	</Project>
</CodeBlocks_project_file>
